
Microsoft Visual Studio Solution File, Format Version 12.00
# Visual Studio 15
VisualStudioVersion = 15.0.26430.16
MinimumVisualStudioVersion = 10.0.40219.1
Project("{FAE04EC0-301F-11D3-BF4B-00C04F79EFBC}") = "Products2.Android", "Products2\Products2.Android\Products2.Android.csproj", "{618B532F-0CEA-44B3-802B-8EB5AF716A34}"
EndProject
Project("{FAE04EC0-301F-11D3-BF4B-00C04F79EFBC}") = "Products2", "Products2\Products2\Products2.csproj", "{072F8A17-635D-463A-946A-CC11C26FC44B}"
EndProject
Project("{FAE04EC0-301F-11D3-BF4B-00C04F79EFBC}") = "Products2.UWP", "Products2\Products2.UWP\Products2.UWP.csproj", "{973C8B0D-C060-4F39-A06D-0CB33CAB7CCB}"
EndProject
Project("{FAE04EC0-301F-11D3-BF4B-00C04F79EFBC}") = "Products2.iOS", "Products2\Products2.iOS\Products2.iOS.csproj", "{3E482619-918C-4C6C-A474-AF4ED6527D92}"
EndProject
Project("{FAE04EC0-301F-11D3-BF4B-00C04F79EFBC}") = "Products2.Backend", "Products2.Backend\Products2.Backend.csproj", "{A161CAEC-4D69-4A81-826E-99884C126A19}"
EndProject
Project("{FAE04EC0-301F-11D3-BF4B-00C04F79EFBC}") = "Products2.API", "Products2.API\Products2.API.csproj", "{ACFBA26C-613F-43EC-93D4-F14C5461072A}"
EndProject
Project("{FAE04EC0-301F-11D3-BF4B-00C04F79EFBC}") = "Products2.Domain", "Products2.Domain\Products2.Domain.csproj", "{E3A563E2-A3D8-4A80-BFC0-13CEDEC6C98C}"
EndProject
Global
	GlobalSection(SolutionConfigurationPlatforms) = preSolution
		Ad-Hoc|Any CPU = Ad-Hoc|Any CPU
		Ad-Hoc|ARM = Ad-Hoc|ARM
		Ad-Hoc|iPhone = Ad-Hoc|iPhone
		Ad-Hoc|iPhoneSimulator = Ad-Hoc|iPhoneSimulator
		Ad-Hoc|x64 = Ad-Hoc|x64
		Ad-Hoc|x86 = Ad-Hoc|x86
		AppStore|Any CPU = AppStore|Any CPU
		AppStore|ARM = AppStore|ARM
		AppStore|iPhone = AppStore|iPhone
		AppStore|iPhoneSimulator = AppStore|iPhoneSimulator
		AppStore|x64 = AppStore|x64
		AppStore|x86 = AppStore|x86
		Debug|Any CPU = Debug|Any CPU
		Debug|ARM = Debug|ARM
		Debug|iPhone = Debug|iPhone
		Debug|iPhoneSimulator = Debug|iPhoneSimulator
		Debug|x64 = Debug|x64
		Debug|x86 = Debug|x86
		Release|Any CPU = Release|Any CPU
		Release|ARM = Release|ARM
		Release|iPhone = Release|iPhone
		Release|iPhoneSimulator = Release|iPhoneSimulator
		Release|x64 = Release|x64
		Release|x86 = Release|x86
	EndGlobalSection
	GlobalSection(ProjectConfigurationPlatforms) = postSolution
		{618B532F-0CEA-44B3-802B-8EB5AF716A34}.Ad-Hoc|Any CPU.ActiveCfg = Release|Any CPU
		{618B532F-0CEA-44B3-802B-8EB5AF716A34}.Ad-Hoc|Any CPU.Build.0 = Release|Any CPU
		{618B532F-0CEA-44B3-802B-8EB5AF716A34}.Ad-Hoc|Any CPU.Deploy.0 = Release|Any CPU
		{618B532F-0CEA-44B3-802B-8EB5AF716A34}.Ad-Hoc|ARM.ActiveCfg = Release|Any CPU
		{618B532F-0CEA-44B3-802B-8EB5AF716A34}.Ad-Hoc|ARM.Build.0 = Release|Any CPU
		{618B532F-0CEA-44B3-802B-8EB5AF716A34}.Ad-Hoc|ARM.Deploy.0 = Release|Any CPU
		{618B532F-0CEA-44B3-802B-8EB5AF716A34}.Ad-Hoc|iPhone.ActiveCfg = Release|Any CPU
		{618B532F-0CEA-44B3-802B-8EB5AF716A34}.Ad-Hoc|iPhone.Build.0 = Release|Any CPU
		{618B532F-0CEA-44B3-802B-8EB5AF716A34}.Ad-Hoc|iPhone.Deploy.0 = Release|Any CPU
		{618B532F-0CEA-44B3-802B-8EB5AF716A34}.Ad-Hoc|iPhoneSimulator.ActiveCfg = Release|Any CPU
		{618B532F-0CEA-44B3-802B-8EB5AF716A34}.Ad-Hoc|iPhoneSimulator.Build.0 = Release|Any CPU
		{618B532F-0CEA-44B3-802B-8EB5AF716A34}.Ad-Hoc|iPhoneSimulator.Deploy.0 = Release|Any CPU
		{618B532F-0CEA-44B3-802B-8EB5AF716A34}.Ad-Hoc|x64.ActiveCfg = Release|Any CPU
		{618B532F-0CEA-44B3-802B-8EB5AF716A34}.Ad-Hoc|x64.Build.0 = Release|Any CPU
		{618B532F-0CEA-44B3-802B-8EB5AF716A34}.Ad-Hoc|x64.Deploy.0 = Release|Any CPU
		{618B532F-0CEA-44B3-802B-8EB5AF716A34}.Ad-Hoc|x86.ActiveCfg = Release|Any CPU
		{618B532F-0CEA-44B3-802B-8EB5AF716A34}.Ad-Hoc|x86.Build.0 = Release|Any CPU
		{618B532F-0CEA-44B3-802B-8EB5AF716A34}.Ad-Hoc|x86.Deploy.0 = Release|Any CPU
		{618B532F-0CEA-44B3-802B-8EB5AF716A34}.AppStore|Any CPU.ActiveCfg = Release|Any CPU
		{618B532F-0CEA-44B3-802B-8EB5AF716A34}.AppStore|Any CPU.Build.0 = Release|Any CPU
		{618B532F-0CEA-44B3-802B-8EB5AF716A34}.AppStore|Any CPU.Deploy.0 = Release|Any CPU
		{618B532F-0CEA-44B3-802B-8EB5AF716A34}.AppStore|ARM.ActiveCfg = Release|Any CPU
		{618B532F-0CEA-44B3-802B-8EB5AF716A34}.AppStore|ARM.Build.0 = Release|Any CPU
		{618B532F-0CEA-44B3-802B-8EB5AF716A34}.AppStore|ARM.Deploy.0 = Release|Any CPU
		{618B532F-0CEA-44B3-802B-8EB5AF716A34}.AppStore|iPhone.ActiveCfg = Release|Any CPU
		{618B532F-0CEA-44B3-802B-8EB5AF716A34}.AppStore|iPhone.Build.0 = Release|Any CPU
		{618B532F-0CEA-44B3-802B-8EB5AF716A34}.AppStore|iPhone.Deploy.0 = Release|Any CPU
		{618B532F-0CEA-44B3-802B-8EB5AF716A34}.AppStore|iPhoneSimulator.ActiveCfg = Release|Any CPU
		{618B532F-0CEA-44B3-802B-8EB5AF716A34}.AppStore|iPhoneSimulator.Build.0 = Release|Any CPU
		{618B532F-0CEA-44B3-802B-8EB5AF716A34}.AppStore|iPhoneSimulator.Deploy.0 = Release|Any CPU
		{618B532F-0CEA-44B3-802B-8EB5AF716A34}.AppStore|x64.ActiveCfg = Release|Any CPU
		{618B532F-0CEA-44B3-802B-8EB5AF716A34}.AppStore|x64.Build.0 = Release|Any CPU
		{618B532F-0CEA-44B3-802B-8EB5AF716A34}.AppStore|x64.Deploy.0 = Release|Any CPU
		{618B532F-0CEA-44B3-802B-8EB5AF716A34}.AppStore|x86.ActiveCfg = Release|Any CPU
		{618B532F-0CEA-44B3-802B-8EB5AF716A34}.AppStore|x86.Build.0 = Release|Any CPU
		{618B532F-0CEA-44B3-802B-8EB5AF716A34}.AppStore|x86.Deploy.0 = Release|Any CPU
		{618B532F-0CEA-44B3-802B-8EB5AF716A34}.Debug|Any CPU.ActiveCfg = Debug|Any CPU
		{618B532F-0CEA-44B3-802B-8EB5AF716A34}.Debug|Any CPU.Build.0 = Debug|Any CPU
		{618B532F-0CEA-44B3-802B-8EB5AF716A34}.Debug|Any CPU.Deploy.0 = Debug|Any CPU
		{618B532F-0CEA-44B3-802B-8EB5AF716A34}.Debug|ARM.ActiveCfg = Debug|Any CPU
		{618B532F-0CEA-44B3-802B-8EB5AF716A34}.Debug|ARM.Build.0 = Debug|Any CPU
		{618B532F-0CEA-44B3-802B-8EB5AF716A34}.Debug|ARM.Deploy.0 = Debug|Any CPU
		{618B532F-0CEA-44B3-802B-8EB5AF716A34}.Debug|iPhone.ActiveCfg = Debug|Any CPU
		{618B532F-0CEA-44B3-802B-8EB5AF716A34}.Debug|iPhone.Build.0 = Debug|Any CPU
		{618B532F-0CEA-44B3-802B-8EB5AF716A34}.Debug|iPhone.Deploy.0 = Debug|Any CPU
		{618B532F-0CEA-44B3-802B-8EB5AF716A34}.Debug|iPhoneSimulator.ActiveCfg = Debug|Any CPU
		{618B532F-0CEA-44B3-802B-8EB5AF716A34}.Debug|iPhoneSimulator.Build.0 = Debug|Any CPU
		{618B532F-0CEA-44B3-802B-8EB5AF716A34}.Debug|iPhoneSimulator.Deploy.0 = Debug|Any CPU
		{618B532F-0CEA-44B3-802B-8EB5AF716A34}.Debug|x64.ActiveCfg = Debug|Any CPU
		{618B532F-0CEA-44B3-802B-8EB5AF716A34}.Debug|x64.Build.0 = Debug|Any CPU
		{618B532F-0CEA-44B3-802B-8EB5AF716A34}.Debug|x64.Deploy.0 = Debug|Any CPU
		{618B532F-0CEA-44B3-802B-8EB5AF716A34}.Debug|x86.ActiveCfg = Debug|Any CPU
		{618B532F-0CEA-44B3-802B-8EB5AF716A34}.Debug|x86.Build.0 = Debug|Any CPU
		{618B532F-0CEA-44B3-802B-8EB5AF716A34}.Debug|x86.Deploy.0 = Debug|Any CPU
		{618B532F-0CEA-44B3-802B-8EB5AF716A34}.Release|Any CPU.ActiveCfg = Release|Any CPU
		{618B532F-0CEA-44B3-802B-8EB5AF716A34}.Release|Any CPU.Build.0 = Release|Any CPU
		{618B532F-0CEA-44B3-802B-8EB5AF716A34}.Release|Any CPU.Deploy.0 = Release|Any CPU
		{618B532F-0CEA-44B3-802B-8EB5AF716A34}.Release|ARM.ActiveCfg = Release|Any CPU
		{618B532F-0CEA-44B3-802B-8EB5AF716A34}.Release|ARM.Build.0 = Release|Any CPU
		{618B532F-0CEA-44B3-802B-8EB5AF716A34}.Release|ARM.Deploy.0 = Release|Any CPU
		{618B532F-0CEA-44B3-802B-8EB5AF716A34}.Release|iPhone.ActiveCfg = Release|Any CPU
		{618B532F-0CEA-44B3-802B-8EB5AF716A34}.Release|iPhone.Build.0 = Release|Any CPU
		{618B532F-0CEA-44B3-802B-8EB5AF716A34}.Release|iPhone.Deploy.0 = Release|Any CPU
		{618B532F-0CEA-44B3-802B-8EB5AF716A34}.Release|iPhoneSimulator.ActiveCfg = Release|Any CPU
		{618B532F-0CEA-44B3-802B-8EB5AF716A34}.Release|iPhoneSimulator.Build.0 = Release|Any CPU
		{618B532F-0CEA-44B3-802B-8EB5AF716A34}.Release|iPhoneSimulator.Deploy.0 = Release|Any CPU
		{618B532F-0CEA-44B3-802B-8EB5AF716A34}.Release|x64.ActiveCfg = Release|Any CPU
		{618B532F-0CEA-44B3-802B-8EB5AF716A34}.Release|x64.Build.0 = Release|Any CPU
		{618B532F-0CEA-44B3-802B-8EB5AF716A34}.Release|x64.Deploy.0 = Release|Any CPU
		{618B532F-0CEA-44B3-802B-8EB5AF716A34}.Release|x86.ActiveCfg = Release|Any CPU
		{618B532F-0CEA-44B3-802B-8EB5AF716A34}.Release|x86.Build.0 = Release|Any CPU
		{618B532F-0CEA-44B3-802B-8EB5AF716A34}.Release|x86.Deploy.0 = Release|Any CPU
		{072F8A17-635D-463A-946A-CC11C26FC44B}.Ad-Hoc|Any CPU.ActiveCfg = Release|Any CPU
		{072F8A17-635D-463A-946A-CC11C26FC44B}.Ad-Hoc|Any CPU.Build.0 = Release|Any CPU
		{072F8A17-635D-463A-946A-CC11C26FC44B}.Ad-Hoc|ARM.ActiveCfg = Release|Any CPU
		{072F8A17-635D-463A-946A-CC11C26FC44B}.Ad-Hoc|ARM.Build.0 = Release|Any CPU
		{072F8A17-635D-463A-946A-CC11C26FC44B}.Ad-Hoc|iPhone.ActiveCfg = Release|Any CPU
		{072F8A17-635D-463A-946A-CC11C26FC44B}.Ad-Hoc|iPhone.Build.0 = Release|Any CPU
		{072F8A17-635D-463A-946A-CC11C26FC44B}.Ad-Hoc|iPhoneSimulator.ActiveCfg = Release|Any CPU
		{072F8A17-635D-463A-946A-CC11C26FC44B}.Ad-Hoc|iPhoneSimulator.Build.0 = Release|Any CPU
		{072F8A17-635D-463A-946A-CC11C26FC44B}.Ad-Hoc|x64.ActiveCfg = Release|Any CPU
		{072F8A17-635D-463A-946A-CC11C26FC44B}.Ad-Hoc|x64.Build.0 = Release|Any CPU
		{072F8A17-635D-463A-946A-CC11C26FC44B}.Ad-Hoc|x86.ActiveCfg = Release|Any CPU
		{072F8A17-635D-463A-946A-CC11C26FC44B}.Ad-Hoc|x86.Build.0 = Release|Any CPU
		{072F8A17-635D-463A-946A-CC11C26FC44B}.AppStore|Any CPU.ActiveCfg = Release|Any CPU
		{072F8A17-635D-463A-946A-CC11C26FC44B}.AppStore|Any CPU.Build.0 = Release|Any CPU
		{072F8A17-635D-463A-946A-CC11C26FC44B}.AppStore|ARM.ActiveCfg = Release|Any CPU
		{072F8A17-635D-463A-946A-CC11C26FC44B}.AppStore|ARM.Build.0 = Release|Any CPU
		{072F8A17-635D-463A-946A-CC11C26FC44B}.AppStore|iPhone.ActiveCfg = Release|Any CPU
		{072F8A17-635D-463A-946A-CC11C26FC44B}.AppStore|iPhone.Build.0 = Release|Any CPU
		{072F8A17-635D-463A-946A-CC11C26FC44B}.AppStore|iPhoneSimulator.ActiveCfg = Release|Any CPU
		{072F8A17-635D-463A-946A-CC11C26FC44B}.AppStore|iPhoneSimulator.Build.0 = Release|Any CPU
		{072F8A17-635D-463A-946A-CC11C26FC44B}.AppStore|x64.ActiveCfg = Release|Any CPU
		{072F8A17-635D-463A-946A-CC11C26FC44B}.AppStore|x64.Build.0 = Release|Any CPU
		{072F8A17-635D-463A-946A-CC11C26FC44B}.AppStore|x86.ActiveCfg = Release|Any CPU
		{072F8A17-635D-463A-946A-CC11C26FC44B}.AppStore|x86.Build.0 = Release|Any CPU
		{072F8A17-635D-463A-946A-CC11C26FC44B}.Debug|Any CPU.ActiveCfg = Debug|Any CPU
		{072F8A17-635D-463A-946A-CC11C26FC44B}.Debug|Any CPU.Build.0 = Debug|Any CPU
		{072F8A17-635D-463A-946A-CC11C26FC44B}.Debug|ARM.ActiveCfg = Debug|Any CPU
		{072F8A17-635D-463A-946A-CC11C26FC44B}.Debug|ARM.Build.0 = Debug|Any CPU
		{072F8A17-635D-463A-946A-CC11C26FC44B}.Debug|iPhone.ActiveCfg = Debug|Any CPU
		{072F8A17-635D-463A-946A-CC11C26FC44B}.Debug|iPhone.Build.0 = Debug|Any CPU
		{072F8A17-635D-463A-946A-CC11C26FC44B}.Debug|iPhoneSimulator.ActiveCfg = Debug|Any CPU
		{072F8A17-635D-463A-946A-CC11C26FC44B}.Debug|iPhoneSimulator.Build.0 = Debug|Any CPU
		{072F8A17-635D-463A-946A-CC11C26FC44B}.Debug|x64.ActiveCfg = Debug|Any CPU
		{072F8A17-635D-463A-946A-CC11C26FC44B}.Debug|x64.Build.0 = Debug|Any CPU
		{072F8A17-635D-463A-946A-CC11C26FC44B}.Debug|x86.ActiveCfg = Debug|Any CPU
		{072F8A17-635D-463A-946A-CC11C26FC44B}.Debug|x86.Build.0 = Debug|Any CPU
		{072F8A17-635D-463A-946A-CC11C26FC44B}.Release|Any CPU.ActiveCfg = Release|Any CPU
		{072F8A17-635D-463A-946A-CC11C26FC44B}.Release|Any CPU.Build.0 = Release|Any CPU
		{072F8A17-635D-463A-946A-CC11C26FC44B}.Release|ARM.ActiveCfg = Release|Any CPU
		{072F8A17-635D-463A-946A-CC11C26FC44B}.Release|ARM.Build.0 = Release|Any CPU
		{072F8A17-635D-463A-946A-CC11C26FC44B}.Release|iPhone.ActiveCfg = Release|Any CPU
		{072F8A17-635D-463A-946A-CC11C26FC44B}.Release|iPhone.Build.0 = Release|Any CPU
		{072F8A17-635D-463A-946A-CC11C26FC44B}.Release|iPhoneSimulator.ActiveCfg = Release|Any CPU
		{072F8A17-635D-463A-946A-CC11C26FC44B}.Release|iPhoneSimulator.Build.0 = Release|Any CPU
		{072F8A17-635D-463A-946A-CC11C26FC44B}.Release|x64.ActiveCfg = Release|Any CPU
		{072F8A17-635D-463A-946A-CC11C26FC44B}.Release|x64.Build.0 = Release|Any CPU
		{072F8A17-635D-463A-946A-CC11C26FC44B}.Release|x86.ActiveCfg = Release|Any CPU
		{072F8A17-635D-463A-946A-CC11C26FC44B}.Release|x86.Build.0 = Release|Any CPU
		{973C8B0D-C060-4F39-A06D-0CB33CAB7CCB}.Ad-Hoc|Any CPU.ActiveCfg = Release|x86
		{973C8B0D-C060-4F39-A06D-0CB33CAB7CCB}.Ad-Hoc|Any CPU.Build.0 = Release|x86
		{973C8B0D-C060-4F39-A06D-0CB33CAB7CCB}.Ad-Hoc|Any CPU.Deploy.0 = Release|x86
		{973C8B0D-C060-4F39-A06D-0CB33CAB7CCB}.Ad-Hoc|ARM.ActiveCfg = Release|ARM
		{973C8B0D-C060-4F39-A06D-0CB33CAB7CCB}.Ad-Hoc|ARM.Build.0 = Release|ARM
		{973C8B0D-C060-4F39-A06D-0CB33CAB7CCB}.Ad-Hoc|ARM.Deploy.0 = Release|ARM
		{973C8B0D-C060-4F39-A06D-0CB33CAB7CCB}.Ad-Hoc|iPhone.ActiveCfg = Release|x86
		{973C8B0D-C060-4F39-A06D-0CB33CAB7CCB}.Ad-Hoc|iPhone.Build.0 = Release|x86
		{973C8B0D-C060-4F39-A06D-0CB33CAB7CCB}.Ad-Hoc|iPhone.Deploy.0 = Release|x86
		{973C8B0D-C060-4F39-A06D-0CB33CAB7CCB}.Ad-Hoc|iPhoneSimulator.ActiveCfg = Release|x86
		{973C8B0D-C060-4F39-A06D-0CB33CAB7CCB}.Ad-Hoc|iPhoneSimulator.Build.0 = Release|x86
		{973C8B0D-C060-4F39-A06D-0CB33CAB7CCB}.Ad-Hoc|iPhoneSimulator.Deploy.0 = Release|x86
		{973C8B0D-C060-4F39-A06D-0CB33CAB7CCB}.Ad-Hoc|x64.ActiveCfg = Release|x64
		{973C8B0D-C060-4F39-A06D-0CB33CAB7CCB}.Ad-Hoc|x64.Build.0 = Release|x64
		{973C8B0D-C060-4F39-A06D-0CB33CAB7CCB}.Ad-Hoc|x64.Deploy.0 = Release|x64
		{973C8B0D-C060-4F39-A06D-0CB33CAB7CCB}.Ad-Hoc|x86.ActiveCfg = Release|x86
		{973C8B0D-C060-4F39-A06D-0CB33CAB7CCB}.Ad-Hoc|x86.Build.0 = Release|x86
		{973C8B0D-C060-4F39-A06D-0CB33CAB7CCB}.Ad-Hoc|x86.Deploy.0 = Release|x86
		{973C8B0D-C060-4F39-A06D-0CB33CAB7CCB}.AppStore|Any CPU.ActiveCfg = Release|x86
		{973C8B0D-C060-4F39-A06D-0CB33CAB7CCB}.AppStore|Any CPU.Build.0 = Release|x86
		{973C8B0D-C060-4F39-A06D-0CB33CAB7CCB}.AppStore|Any CPU.Deploy.0 = Release|x86
		{973C8B0D-C060-4F39-A06D-0CB33CAB7CCB}.AppStore|ARM.ActiveCfg = Release|ARM
		{973C8B0D-C060-4F39-A06D-0CB33CAB7CCB}.AppStore|ARM.Build.0 = Release|ARM
		{973C8B0D-C060-4F39-A06D-0CB33CAB7CCB}.AppStore|ARM.Deploy.0 = Release|ARM
		{973C8B0D-C060-4F39-A06D-0CB33CAB7CCB}.AppStore|iPhone.ActiveCfg = Release|x86
		{973C8B0D-C060-4F39-A06D-0CB33CAB7CCB}.AppStore|iPhone.Build.0 = Release|x86
		{973C8B0D-C060-4F39-A06D-0CB33CAB7CCB}.AppStore|iPhone.Deploy.0 = Release|x86
		{973C8B0D-C060-4F39-A06D-0CB33CAB7CCB}.AppStore|iPhoneSimulator.ActiveCfg = Release|x86
		{973C8B0D-C060-4F39-A06D-0CB33CAB7CCB}.AppStore|iPhoneSimulator.Build.0 = Release|x86
		{973C8B0D-C060-4F39-A06D-0CB33CAB7CCB}.AppStore|iPhoneSimulator.Deploy.0 = Release|x86
		{973C8B0D-C060-4F39-A06D-0CB33CAB7CCB}.AppStore|x64.ActiveCfg = Release|x64
		{973C8B0D-C060-4F39-A06D-0CB33CAB7CCB}.AppStore|x64.Build.0 = Release|x64
		{973C8B0D-C060-4F39-A06D-0CB33CAB7CCB}.AppStore|x64.Deploy.0 = Release|x64
		{973C8B0D-C060-4F39-A06D-0CB33CAB7CCB}.AppStore|x86.ActiveCfg = Release|x86
		{973C8B0D-C060-4F39-A06D-0CB33CAB7CCB}.AppStore|x86.Build.0 = Release|x86
		{973C8B0D-C060-4F39-A06D-0CB33CAB7CCB}.AppStore|x86.Deploy.0 = Release|x86
		{973C8B0D-C060-4F39-A06D-0CB33CAB7CCB}.Debug|Any CPU.ActiveCfg = Debug|x86
		{973C8B0D-C060-4F39-A06D-0CB33CAB7CCB}.Debug|ARM.ActiveCfg = Debug|ARM
		{973C8B0D-C060-4F39-A06D-0CB33CAB7CCB}.Debug|ARM.Build.0 = Debug|ARM
		{973C8B0D-C060-4F39-A06D-0CB33CAB7CCB}.Debug|ARM.Deploy.0 = Debug|ARM
		{973C8B0D-C060-4F39-A06D-0CB33CAB7CCB}.Debug|iPhone.ActiveCfg = Debug|x86
		{973C8B0D-C060-4F39-A06D-0CB33CAB7CCB}.Debug|iPhoneSimulator.ActiveCfg = Debug|x86
		{973C8B0D-C060-4F39-A06D-0CB33CAB7CCB}.Debug|x64.ActiveCfg = Debug|x64
		{973C8B0D-C060-4F39-A06D-0CB33CAB7CCB}.Debug|x64.Build.0 = Debug|x64
		{973C8B0D-C060-4F39-A06D-0CB33CAB7CCB}.Debug|x64.Deploy.0 = Debug|x64
		{973C8B0D-C060-4F39-A06D-0CB33CAB7CCB}.Debug|x86.ActiveCfg = Debug|x86
		{973C8B0D-C060-4F39-A06D-0CB33CAB7CCB}.Debug|x86.Build.0 = Debug|x86
		{973C8B0D-C060-4F39-A06D-0CB33CAB7CCB}.Debug|x86.Deploy.0 = Debug|x86
		{973C8B0D-C060-4F39-A06D-0CB33CAB7CCB}.Release|Any CPU.ActiveCfg = Release|x86
		{973C8B0D-C060-4F39-A06D-0CB33CAB7CCB}.Release|ARM.ActiveCfg = Release|ARM
		{973C8B0D-C060-4F39-A06D-0CB33CAB7CCB}.Release|ARM.Build.0 = Release|ARM
		{973C8B0D-C060-4F39-A06D-0CB33CAB7CCB}.Release|ARM.Deploy.0 = Release|ARM
		{973C8B0D-C060-4F39-A06D-0CB33CAB7CCB}.Release|iPhone.ActiveCfg = Release|x86
		{973C8B0D-C060-4F39-A06D-0CB33CAB7CCB}.Release|iPhoneSimulator.ActiveCfg = Release|x86
		{973C8B0D-C060-4F39-A06D-0CB33CAB7CCB}.Release|x64.ActiveCfg = Release|x64
		{973C8B0D-C060-4F39-A06D-0CB33CAB7CCB}.Release|x64.Build.0 = Release|x64
		{973C8B0D-C060-4F39-A06D-0CB33CAB7CCB}.Release|x64.Deploy.0 = Release|x64
		{973C8B0D-C060-4F39-A06D-0CB33CAB7CCB}.Release|x86.ActiveCfg = Release|x86
		{973C8B0D-C060-4F39-A06D-0CB33CAB7CCB}.Release|x86.Build.0 = Release|x86
		{973C8B0D-C060-4F39-A06D-0CB33CAB7CCB}.Release|x86.Deploy.0 = Release|x86
		{3E482619-918C-4C6C-A474-AF4ED6527D92}.Ad-Hoc|Any CPU.ActiveCfg = Ad-Hoc|iPhone
		{3E482619-918C-4C6C-A474-AF4ED6527D92}.Ad-Hoc|ARM.ActiveCfg = Ad-Hoc|iPhone
		{3E482619-918C-4C6C-A474-AF4ED6527D92}.Ad-Hoc|iPhone.ActiveCfg = Ad-Hoc|iPhone
		{3E482619-918C-4C6C-A474-AF4ED6527D92}.Ad-Hoc|iPhone.Build.0 = Ad-Hoc|iPhone
		{3E482619-918C-4C6C-A474-AF4ED6527D92}.Ad-Hoc|iPhoneSimulator.ActiveCfg = Ad-Hoc|iPhoneSimulator
		{3E482619-918C-4C6C-A474-AF4ED6527D92}.Ad-Hoc|iPhoneSimulator.Build.0 = Ad-Hoc|iPhoneSimulator
		{3E482619-918C-4C6C-A474-AF4ED6527D92}.Ad-Hoc|x64.ActiveCfg = Ad-Hoc|iPhone
		{3E482619-918C-4C6C-A474-AF4ED6527D92}.Ad-Hoc|x86.ActiveCfg = Ad-Hoc|iPhone
		{3E482619-918C-4C6C-A474-AF4ED6527D92}.AppStore|Any CPU.ActiveCfg = AppStore|iPhone
		{3E482619-918C-4C6C-A474-AF4ED6527D92}.AppStore|ARM.ActiveCfg = AppStore|iPhone
		{3E482619-918C-4C6C-A474-AF4ED6527D92}.AppStore|iPhone.ActiveCfg = AppStore|iPhone
		{3E482619-918C-4C6C-A474-AF4ED6527D92}.AppStore|iPhone.Build.0 = AppStore|iPhone
		{3E482619-918C-4C6C-A474-AF4ED6527D92}.AppStore|iPhoneSimulator.ActiveCfg = AppStore|iPhoneSimulator
		{3E482619-918C-4C6C-A474-AF4ED6527D92}.AppStore|iPhoneSimulator.Build.0 = AppStore|iPhoneSimulator
		{3E482619-918C-4C6C-A474-AF4ED6527D92}.AppStore|x64.ActiveCfg = AppStore|iPhone
		{3E482619-918C-4C6C-A474-AF4ED6527D92}.AppStore|x86.ActiveCfg = AppStore|iPhone
		{3E482619-918C-4C6C-A474-AF4ED6527D92}.Debug|Any CPU.ActiveCfg = Debug|iPhone
		{3E482619-918C-4C6C-A474-AF4ED6527D92}.Debug|ARM.ActiveCfg = Debug|iPhone
		{3E482619-918C-4C6C-A474-AF4ED6527D92}.Debug|iPhone.ActiveCfg = Debug|iPhone
		{3E482619-918C-4C6C-A474-AF4ED6527D92}.Debug|iPhone.Build.0 = Debug|iPhone
		{3E482619-918C-4C6C-A474-AF4ED6527D92}.Debug|iPhoneSimulator.ActiveCfg = Debug|iPhoneSimulator
		{3E482619-918C-4C6C-A474-AF4ED6527D92}.Debug|iPhoneSimulator.Build.0 = Debug|iPhoneSimulator
		{3E482619-918C-4C6C-A474-AF4ED6527D92}.Debug|x64.ActiveCfg = Debug|iPhone
		{3E482619-918C-4C6C-A474-AF4ED6527D92}.Debug|x86.ActiveCfg = Debug|iPhone
		{3E482619-918C-4C6C-A474-AF4ED6527D92}.Release|Any CPU.ActiveCfg = Release|iPhone
		{3E482619-918C-4C6C-A474-AF4ED6527D92}.Release|ARM.ActiveCfg = Release|iPhone
		{3E482619-918C-4C6C-A474-AF4ED6527D92}.Release|iPhone.ActiveCfg = Release|iPhone
		{3E482619-918C-4C6C-A474-AF4ED6527D92}.Release|iPhone.Build.0 = Release|iPhone
		{3E482619-918C-4C6C-A474-AF4ED6527D92}.Release|iPhoneSimulator.ActiveCfg = Release|iPhoneSimulator
		{3E482619-918C-4C6C-A474-AF4ED6527D92}.Release|iPhoneSimulator.Build.0 = Release|iPhoneSimulator
		{3E482619-918C-4C6C-A474-AF4ED6527D92}.Release|x64.ActiveCfg = Release|iPhone
		{3E482619-918C-4C6C-A474-AF4ED6527D92}.Release|x86.ActiveCfg = Release|iPhone
		{A161CAEC-4D69-4A81-826E-99884C126A19}.Ad-Hoc|Any CPU.ActiveCfg = Release|Any CPU
		{A161CAEC-4D69-4A81-826E-99884C126A19}.Ad-Hoc|Any CPU.Build.0 = Release|Any CPU
		{A161CAEC-4D69-4A81-826E-99884C126A19}.Ad-Hoc|ARM.ActiveCfg = Release|Any CPU
		{A161CAEC-4D69-4A81-826E-99884C126A19}.Ad-Hoc|ARM.Build.0 = Release|Any CPU
		{A161CAEC-4D69-4A81-826E-99884C126A19}.Ad-Hoc|iPhone.ActiveCfg = Release|Any CPU
		{A161CAEC-4D69-4A81-826E-99884C126A19}.Ad-Hoc|iPhone.Build.0 = Release|Any CPU
		{A161CAEC-4D69-4A81-826E-99884C126A19}.Ad-Hoc|iPhoneSimulator.ActiveCfg = Release|Any CPU
		{A161CAEC-4D69-4A81-826E-99884C126A19}.Ad-Hoc|iPhoneSimulator.Build.0 = Release|Any CPU
		{A161CAEC-4D69-4A81-826E-99884C126A19}.Ad-Hoc|x64.ActiveCfg = Release|Any CPU
		{A161CAEC-4D69-4A81-826E-99884C126A19}.Ad-Hoc|x64.Build.0 = Release|Any CPU
		{A161CAEC-4D69-4A81-826E-99884C126A19}.Ad-Hoc|x86.ActiveCfg = Release|Any CPU
		{A161CAEC-4D69-4A81-826E-99884C126A19}.Ad-Hoc|x86.Build.0 = Release|Any CPU
		{A161CAEC-4D69-4A81-826E-99884C126A19}.AppStore|Any CPU.ActiveCfg = Release|Any CPU
		{A161CAEC-4D69-4A81-826E-99884C126A19}.AppStore|Any CPU.Build.0 = Release|Any CPU
		{A161CAEC-4D69-4A81-826E-99884C126A19}.AppStore|ARM.ActiveCfg = Release|Any CPU
		{A161CAEC-4D69-4A81-826E-99884C126A19}.AppStore|ARM.Build.0 = Release|Any CPU
		{A161CAEC-4D69-4A81-826E-99884C126A19}.AppStore|iPhone.ActiveCfg = Release|Any CPU
		{A161CAEC-4D69-4A81-826E-99884C126A19}.AppStore|iPhone.Build.0 = Release|Any CPU
		{A161CAEC-4D69-4A81-826E-99884C126A19}.AppStore|iPhoneSimulator.ActiveCfg = Release|Any CPU
		{A161CAEC-4D69-4A81-826E-99884C126A19}.AppStore|iPhoneSimulator.Build.0 = Release|Any CPU
		{A161CAEC-4D69-4A81-826E-99884C126A19}.AppStore|x64.ActiveCfg = Release|Any CPU
		{A161CAEC-4D69-4A81-826E-99884C126A19}.AppStore|x64.Build.0 = Release|Any CPU
		{A161CAEC-4D69-4A81-826E-99884C126A19}.AppStore|x86.ActiveCfg = Release|Any CPU
		{A161CAEC-4D69-4A81-826E-99884C126A19}.AppStore|x86.Build.0 = Release|Any CPU
		{A161CAEC-4D69-4A81-826E-99884C126A19}.Debug|Any CPU.ActiveCfg = Debug|Any CPU
		{A161CAEC-4D69-4A81-826E-99884C126A19}.Debug|Any CPU.Build.0 = Debug|Any CPU
		{A161CAEC-4D69-4A81-826E-99884C126A19}.Debug|ARM.ActiveCfg = Debug|Any CPU
		{A161CAEC-4D69-4A81-826E-99884C126A19}.Debug|ARM.Build.0 = Debug|Any CPU
		{A161CAEC-4D69-4A81-826E-99884C126A19}.Debug|iPhone.ActiveCfg = Debug|Any CPU
		{A161CAEC-4D69-4A81-826E-99884C126A19}.Debug|iPhone.Build.0 = Debug|Any CPU
		{A161CAEC-4D69-4A81-826E-99884C126A19}.Debug|iPhoneSimulator.ActiveCfg = Debug|Any CPU
		{A161CAEC-4D69-4A81-826E-99884C126A19}.Debug|iPhoneSimulator.Build.0 = Debug|Any CPU
		{A161CAEC-4D69-4A81-826E-99884C126A19}.Debug|x64.ActiveCfg = Debug|Any CPU
		{A161CAEC-4D69-4A81-826E-99884C126A19}.Debug|x64.Build.0 = Debug|Any CPU
		{A161CAEC-4D69-4A81-826E-99884C126A19}.Debug|x86.ActiveCfg = Debug|Any CPU
		{A161CAEC-4D69-4A81-826E-99884C126A19}.Debug|x86.Build.0 = Debug|Any CPU
		{A161CAEC-4D69-4A81-826E-99884C126A19}.Release|Any CPU.ActiveCfg = Release|Any CPU
		{A161CAEC-4D69-4A81-826E-99884C126A19}.Release|Any CPU.Build.0 = Release|Any CPU
		{A161CAEC-4D69-4A81-826E-99884C126A19}.Release|ARM.ActiveCfg = Release|Any CPU
		{A161CAEC-4D69-4A81-826E-99884C126A19}.Release|ARM.Build.0 = Release|Any CPU
		{A161CAEC-4D69-4A81-826E-99884C126A19}.Release|iPhone.ActiveCfg = Release|Any CPU
		{A161CAEC-4D69-4A81-826E-99884C126A19}.Release|iPhone.Build.0 = Release|Any CPU
		{A161CAEC-4D69-4A81-826E-99884C126A19}.Release|iPhoneSimulator.ActiveCfg = Release|Any CPU
		{A161CAEC-4D69-4A81-826E-99884C126A19}.Release|iPhoneSimulator.Build.0 = Release|Any CPU
		{A161CAEC-4D69-4A81-826E-99884C126A19}.Release|x64.ActiveCfg = Release|Any CPU
		{A161CAEC-4D69-4A81-826E-99884C126A19}.Release|x64.Build.0 = Release|Any CPU
		{A161CAEC-4D69-4A81-826E-99884C126A19}.Release|x86.ActiveCfg = Release|Any CPU
		{A161CAEC-4D69-4A81-826E-99884C126A19}.Release|x86.Build.0 = Release|Any CPU
		{ACFBA26C-613F-43EC-93D4-F14C5461072A}.Ad-Hoc|Any CPU.ActiveCfg = Release|Any CPU
		{ACFBA26C-613F-43EC-93D4-F14C5461072A}.Ad-Hoc|Any CPU.Build.0 = Release|Any CPU
		{ACFBA26C-613F-43EC-93D4-F14C5461072A}.Ad-Hoc|ARM.ActiveCfg = Release|Any CPU
		{ACFBA26C-613F-43EC-93D4-F14C5461072A}.Ad-Hoc|ARM.Build.0 = Release|Any CPU
		{ACFBA26C-613F-43EC-93D4-F14C5461072A}.Ad-Hoc|iPhone.ActiveCfg = Release|Any CPU
		{ACFBA26C-613F-43EC-93D4-F14C5461072A}.Ad-Hoc|iPhone.Build.0 = Release|Any CPU
		{ACFBA26C-613F-43EC-93D4-F14C5461072A}.Ad-Hoc|iPhoneSimulator.ActiveCfg = Release|Any CPU
		{ACFBA26C-613F-43EC-93D4-F14C5461072A}.Ad-Hoc|iPhoneSimulator.Build.0 = Release|Any CPU
		{ACFBA26C-613F-43EC-93D4-F14C5461072A}.Ad-Hoc|x64.ActiveCfg = Release|Any CPU
		{ACFBA26C-613F-43EC-93D4-F14C5461072A}.Ad-Hoc|x64.Build.0 = Release|Any CPU
		{ACFBA26C-613F-43EC-93D4-F14C5461072A}.Ad-Hoc|x86.ActiveCfg = Release|Any CPU
		{ACFBA26C-613F-43EC-93D4-F14C5461072A}.Ad-Hoc|x86.Build.0 = Release|Any CPU
		{ACFBA26C-613F-43EC-93D4-F14C5461072A}.AppStore|Any CPU.ActiveCfg = Release|Any CPU
		{ACFBA26C-613F-43EC-93D4-F14C5461072A}.AppStore|Any CPU.Build.0 = Release|Any CPU
		{ACFBA26C-613F-43EC-93D4-F14C5461072A}.AppStore|ARM.ActiveCfg = Release|Any CPU
		{ACFBA26C-613F-43EC-93D4-F14C5461072A}.AppStore|ARM.Build.0 = Release|Any CPU
		{ACFBA26C-613F-43EC-93D4-F14C5461072A}.AppStore|iPhone.ActiveCfg = Release|Any CPU
		{ACFBA26C-613F-43EC-93D4-F14C5461072A}.AppStore|iPhone.Build.0 = Release|Any CPU
		{ACFBA26C-613F-43EC-93D4-F14C5461072A}.AppStore|iPhoneSimulator.ActiveCfg = Release|Any CPU
		{ACFBA26C-613F-43EC-93D4-F14C5461072A}.AppStore|iPhoneSimulator.Build.0 = Release|Any CPU
		{ACFBA26C-613F-43EC-93D4-F14C5461072A}.AppStore|x64.ActiveCfg = Release|Any CPU
		{ACFBA26C-613F-43EC-93D4-F14C5461072A}.AppStore|x64.Build.0 = Release|Any CPU
		{ACFBA26C-613F-43EC-93D4-F14C5461072A}.AppStore|x86.ActiveCfg = Release|Any CPU
		{ACFBA26C-613F-43EC-93D4-F14C5461072A}.AppStore|x86.Build.0 = Release|Any CPU
		{ACFBA26C-613F-43EC-93D4-F14C5461072A}.Debug|Any CPU.ActiveCfg = Debug|Any CPU
		{ACFBA26C-613F-43EC-93D4-F14C5461072A}.Debug|Any CPU.Build.0 = Debug|Any CPU
		{ACFBA26C-613F-43EC-93D4-F14C5461072A}.Debug|ARM.ActiveCfg = Debug|Any CPU
		{ACFBA26C-613F-43EC-93D4-F14C5461072A}.Debug|ARM.Build.0 = Debug|Any CPU
		{ACFBA26C-613F-43EC-93D4-F14C5461072A}.Debug|iPhone.ActiveCfg = Debug|Any CPU
		{ACFBA26C-613F-43EC-93D4-F14C5461072A}.Debug|iPhone.Build.0 = Debug|Any CPU
		{ACFBA26C-613F-43EC-93D4-F14C5461072A}.Debug|iPhoneSimulator.ActiveCfg = Debug|Any CPU
		{ACFBA26C-613F-43EC-93D4-F14C5461072A}.Debug|iPhoneSimulator.Build.0 = Debug|Any CPU
		{ACFBA26C-613F-43EC-93D4-F14C5461072A}.Debug|x64.ActiveCfg = Debug|Any CPU
		{ACFBA26C-613F-43EC-93D4-F14C5461072A}.Debug|x64.Build.0 = Debug|Any CPU
		{ACFBA26C-613F-43EC-93D4-F14C5461072A}.Debug|x86.ActiveCfg = Debug|Any CPU
		{ACFBA26C-613F-43EC-93D4-F14C5461072A}.Debug|x86.Build.0 = Debug|Any CPU
		{ACFBA26C-613F-43EC-93D4-F14C5461072A}.Release|Any CPU.ActiveCfg = Release|Any CPU
		{ACFBA26C-613F-43EC-93D4-F14C5461072A}.Release|Any CPU.Build.0 = Release|Any CPU
		{ACFBA26C-613F-43EC-93D4-F14C5461072A}.Release|ARM.ActiveCfg = Release|Any CPU
		{ACFBA26C-613F-43EC-93D4-F14C5461072A}.Release|ARM.Build.0 = Release|Any CPU
		{ACFBA26C-613F-43EC-93D4-F14C5461072A}.Release|iPhone.ActiveCfg = Release|Any CPU
		{ACFBA26C-613F-43EC-93D4-F14C5461072A}.Release|iPhone.Build.0 = Release|Any CPU
		{ACFBA26C-613F-43EC-93D4-F14C5461072A}.Release|iPhoneSimulator.ActiveCfg = Release|Any CPU
		{ACFBA26C-613F-43EC-93D4-F14C5461072A}.Release|iPhoneSimulator.Build.0 = Release|Any CPU
		{ACFBA26C-613F-43EC-93D4-F14C5461072A}.Release|x64.ActiveCfg = Release|Any CPU
		{ACFBA26C-613F-43EC-93D4-F14C5461072A}.Release|x64.Build.0 = Release|Any CPU
		{ACFBA26C-613F-43EC-93D4-F14C5461072A}.Release|x86.ActiveCfg = Release|Any CPU
		{ACFBA26C-613F-43EC-93D4-F14C5461072A}.Release|x86.Build.0 = Release|Any CPU
		{E3A563E2-A3D8-4A80-BFC0-13CEDEC6C98C}.Ad-Hoc|Any CPU.ActiveCfg = Release|Any CPU
		{E3A563E2-A3D8-4A80-BFC0-13CEDEC6C98C}.Ad-Hoc|Any CPU.Build.0 = Release|Any CPU
		{E3A563E2-A3D8-4A80-BFC0-13CEDEC6C98C}.Ad-Hoc|ARM.ActiveCfg = Release|Any CPU
		{E3A563E2-A3D8-4A80-BFC0-13CEDEC6C98C}.Ad-Hoc|ARM.Build.0 = Release|Any CPU
		{E3A563E2-A3D8-4A80-BFC0-13CEDEC6C98C}.Ad-Hoc|iPhone.ActiveCfg = Release|Any CPU
		{E3A563E2-A3D8-4A80-BFC0-13CEDEC6C98C}.Ad-Hoc|iPhone.Build.0 = Release|Any CPU
		{E3A563E2-A3D8-4A80-BFC0-13CEDEC6C98C}.Ad-Hoc|iPhoneSimulator.ActiveCfg = Release|Any CPU
		{E3A563E2-A3D8-4A80-BFC0-13CEDEC6C98C}.Ad-Hoc|iPhoneSimulator.Build.0 = Release|Any CPU
		{E3A563E2-A3D8-4A80-BFC0-13CEDEC6C98C}.Ad-Hoc|x64.ActiveCfg = Release|Any CPU
		{E3A563E2-A3D8-4A80-BFC0-13CEDEC6C98C}.Ad-Hoc|x64.Build.0 = Release|Any CPU
		{E3A563E2-A3D8-4A80-BFC0-13CEDEC6C98C}.Ad-Hoc|x86.ActiveCfg = Release|Any CPU
		{E3A563E2-A3D8-4A80-BFC0-13CEDEC6C98C}.Ad-Hoc|x86.Build.0 = Release|Any CPU
		{E3A563E2-A3D8-4A80-BFC0-13CEDEC6C98C}.AppStore|Any CPU.ActiveCfg = Release|Any CPU
		{E3A563E2-A3D8-4A80-BFC0-13CEDEC6C98C}.AppStore|Any CPU.Build.0 = Release|Any CPU
		{E3A563E2-A3D8-4A80-BFC0-13CEDEC6C98C}.AppStore|ARM.ActiveCfg = Release|Any CPU
		{E3A563E2-A3D8-4A80-BFC0-13CEDEC6C98C}.AppStore|ARM.Build.0 = Release|Any CPU
		{E3A563E2-A3D8-4A80-BFC0-13CEDEC6C98C}.AppStore|iPhone.ActiveCfg = Release|Any CPU
		{E3A563E2-A3D8-4A80-BFC0-13CEDEC6C98C}.AppStore|iPhone.Build.0 = Release|Any CPU
		{E3A563E2-A3D8-4A80-BFC0-13CEDEC6C98C}.AppStore|iPhoneSimulator.ActiveCfg = Release|Any CPU
		{E3A563E2-A3D8-4A80-BFC0-13CEDEC6C98C}.AppStore|iPhoneSimulator.Build.0 = Release|Any CPU
		{E3A563E2-A3D8-4A80-BFC0-13CEDEC6C98C}.AppStore|x64.ActiveCfg = Release|Any CPU
		{E3A563E2-A3D8-4A80-BFC0-13CEDEC6C98C}.AppStore|x64.Build.0 = Release|Any CPU
		{E3A563E2-A3D8-4A80-BFC0-13CEDEC6C98C}.AppStore|x86.ActiveCfg = Release|Any CPU
		{E3A563E2-A3D8-4A80-BFC0-13CEDEC6C98C}.AppStore|x86.Build.0 = Release|Any CPU
		{E3A563E2-A3D8-4A80-BFC0-13CEDEC6C98C}.Debug|Any CPU.ActiveCfg = Debug|Any CPU
		{E3A563E2-A3D8-4A80-BFC0-13CEDEC6C98C}.Debug|Any CPU.Build.0 = Debug|Any CPU
		{E3A563E2-A3D8-4A80-BFC0-13CEDEC6C98C}.Debug|ARM.ActiveCfg = Debug|Any CPU
		{E3A563E2-A3D8-4A80-BFC0-13CEDEC6C98C}.Debug|ARM.Build.0 = Debug|Any CPU
		{E3A563E2-A3D8-4A80-BFC0-13CEDEC6C98C}.Debug|iPhone.ActiveCfg = Debug|Any CPU
		{E3A563E2-A3D8-4A80-BFC0-13CEDEC6C98C}.Debug|iPhone.Build.0 = Debug|Any CPU
		{E3A563E2-A3D8-4A80-BFC0-13CEDEC6C98C}.Debug|iPhoneSimulator.ActiveCfg = Debug|Any CPU
		{E3A563E2-A3D8-4A80-BFC0-13CEDEC6C98C}.Debug|iPhoneSimulator.Build.0 = Debug|Any CPU
		{E3A563E2-A3D8-4A80-BFC0-13CEDEC6C98C}.Debug|x64.ActiveCfg = Debug|Any CPU
		{E3A563E2-A3D8-4A80-BFC0-13CEDEC6C98C}.Debug|x64.Build.0 = Debug|Any CPU
		{E3A563E2-A3D8-4A80-BFC0-13CEDEC6C98C}.Debug|x86.ActiveCfg = Debug|Any CPU
		{E3A563E2-A3D8-4A80-BFC0-13CEDEC6C98C}.Debug|x86.Build.0 = Debug|Any CPU
		{E3A563E2-A3D8-4A80-BFC0-13CEDEC6C98C}.Release|Any CPU.ActiveCfg = Release|Any CPU
		{E3A563E2-A3D8-4A80-BFC0-13CEDEC6C98C}.Release|Any CPU.Build.0 = Release|Any CPU
		{E3A563E2-A3D8-4A80-BFC0-13CEDEC6C98C}.Release|ARM.ActiveCfg = Release|Any CPU
		{E3A563E2-A3D8-4A80-BFC0-13CEDEC6C98C}.Release|ARM.Build.0 = Release|Any CPU
		{E3A563E2-A3D8-4A80-BFC0-13CEDEC6C98C}.Release|iPhone.ActiveCfg = Release|Any CPU
		{E3A563E2-A3D8-4A80-BFC0-13CEDEC6C98C}.Release|iPhone.Build.0 = Release|Any CPU
		{E3A563E2-A3D8-4A80-BFC0-13CEDEC6C98C}.Release|iPhoneSimulator.ActiveCfg = Release|Any CPU
		{E3A563E2-A3D8-4A80-BFC0-13CEDEC6C98C}.Release|iPhoneSimulator.Build.0 = Release|Any CPU
		{E3A563E2-A3D8-4A80-BFC0-13CEDEC6C98C}.Release|x64.ActiveCfg = Release|Any CPU
		{E3A563E2-A3D8-4A80-BFC0-13CEDEC6C98C}.Release|x64.Build.0 = Release|Any CPU
		{E3A563E2-A3D8-4A80-BFC0-13CEDEC6C98C}.Release|x86.ActiveCfg = Release|Any CPU
		{E3A563E2-A3D8-4A80-BFC0-13CEDEC6C98C}.Release|x86.Build.0 = Release|Any CPU
	EndGlobalSection
	GlobalSection(SolutionProperties) = preSolution
		HideSolutionNode = FALSE
	EndGlobalSection
EndGlobal
